
Microsoft Visual Studio Solution File, Format Version 12.00
# Visual Studio Version 17
VisualStudioVersion = 17.4.33213.308
MinimumVisualStudioVersion = 10.0.40219.1
Project("{2150E333-8FDC-42A3-9474-1A3956D46DE8}") = "src", "src", "{8BD97FCA-8534-4413-9879-09A2763C9F89}"
EndProject
Project("{2150E333-8FDC-42A3-9474-1A3956D46DE8}") = "api", "api", "{33D4119C-9AB2-45F0-8835-AC5D0DACF8D2}"
EndProject
Project("{2150E333-8FDC-42A3-9474-1A3956D46DE8}") = "core", "core", "{3E344435-4680-484E-A211-DACF39996A50}"
EndProject
Project("{2150E333-8FDC-42A3-9474-1A3956D46DE8}") = "infrastructure", "infrastructure", "{D6921E01-C061-4A44-8846-9F97B2AF2BE2}"
EndProject
Project("{9A19103F-16F7-4668-BE54-9A1E7A4F7556}") = "WebApi", "WebApi\WebApi.csproj", "{D707D829-C691-4D82-9E28-8B91819AE41E}"
EndProject
Project("{9A19103F-16F7-4668-BE54-9A1E7A4F7556}") = "Domain", "Domain\Domain.csproj", "{4065F439-0935-44FE-8C50-7AFF47A48D74}"
EndProject
Project("{9A19103F-16F7-4668-BE54-9A1E7A4F7556}") = "Application", "Application\Application.csproj", "{5179016F-A5EF-4152-8D3A-CCA0AB7CFB0A}"
EndProject
Project("{9A19103F-16F7-4668-BE54-9A1E7A4F7556}") = "Infrastructure", "Infrastructure\Infrastructure.csproj", "{B69BBACB-958F-4F08-B699-82F3B3264FA9}"
EndProject
Global
	GlobalSection(SolutionConfigurationPlatforms) = preSolution
		Debug|Any CPU = Debug|Any CPU
		Release|Any CPU = Release|Any CPU
	EndGlobalSection
	GlobalSection(ProjectConfigurationPlatforms) = postSolution
		{D707D829-C691-4D82-9E28-8B91819AE41E}.Debug|Any CPU.ActiveCfg = Debug|Any CPU
		{D707D829-C691-4D82-9E28-8B91819AE41E}.Debug|Any CPU.Build.0 = Debug|Any CPU
		{D707D829-C691-4D82-9E28-8B91819AE41E}.Release|Any CPU.ActiveCfg = Release|Any CPU
		{D707D829-C691-4D82-9E28-8B91819AE41E}.Release|Any CPU.Build.0 = Release|Any CPU
		{4065F439-0935-44FE-8C50-7AFF47A48D74}.Debug|Any CPU.ActiveCfg = Debug|Any CPU
		{4065F439-0935-44FE-8C50-7AFF47A48D74}.Debug|Any CPU.Build.0 = Debug|Any CPU
		{4065F439-0935-44FE-8C50-7AFF47A48D74}.Release|Any CPU.ActiveCfg = Release|Any CPU
		{4065F439-0935-44FE-8C50-7AFF47A48D74}.Release|Any CPU.Build.0 = Release|Any CPU
		{5179016F-A5EF-4152-8D3A-CCA0AB7CFB0A}.Debug|Any CPU.ActiveCfg = Debug|Any CPU
		{5179016F-A5EF-4152-8D3A-CCA0AB7CFB0A}.Debug|Any CPU.Build.0 = Debug|Any CPU
		{5179016F-A5EF-4152-8D3A-CCA0AB7CFB0A}.Release|Any CPU.ActiveCfg = Release|Any CPU
		{5179016F-A5EF-4152-8D3A-CCA0AB7CFB0A}.Release|Any CPU.Build.0 = Release|Any CPU
		{B69BBACB-958F-4F08-B699-82F3B3264FA9}.Debug|Any CPU.ActiveCfg = Debug|Any CPU
		{B69BBACB-958F-4F08-B699-82F3B3264FA9}.Debug|Any CPU.Build.0 = Debug|Any CPU
		{B69BBACB-958F-4F08-B699-82F3B3264FA9}.Release|Any CPU.ActiveCfg = Release|Any CPU
		{B69BBACB-958F-4F08-B699-82F3B3264FA9}.Release|Any CPU.Build.0 = Release|Any CPU
	EndGlobalSection
	GlobalSection(SolutionProperties) = preSolution
		HideSolutionNode = FALSE
	EndGlobalSection
	GlobalSection(NestedProjects) = preSolution
		{33D4119C-9AB2-45F0-8835-AC5D0DACF8D2} = {8BD97FCA-8534-4413-9879-09A2763C9F89}
		{3E344435-4680-484E-A211-DACF39996A50} = {8BD97FCA-8534-4413-9879-09A2763C9F89}
		{D6921E01-C061-4A44-8846-9F97B2AF2BE2} = {8BD97FCA-8534-4413-9879-09A2763C9F89}
		{D707D829-C691-4D82-9E28-8B91819AE41E} = {33D4119C-9AB2-45F0-8835-AC5D0DACF8D2}
		{4065F439-0935-44FE-8C50-7AFF47A48D74} = {3E344435-4680-484E-A211-DACF39996A50}
		{5179016F-A5EF-4152-8D3A-CCA0AB7CFB0A} = {3E344435-4680-484E-A211-DACF39996A50}
		{B69BBACB-958F-4F08-B699-82F3B3264FA9} = {D6921E01-C061-4A44-8846-9F97B2AF2BE2}
	EndGlobalSection
	GlobalSection(ExtensibilityGlobals) = postSolution
		SolutionGuid = {25C45C11-27F0-4535-9AC0-36166F5CA678}
	EndGlobalSection
EndGlobal
